<?xml version="1.0" encoding="utf-8"?>
<Project ToolsVersion="4.0" xmlns="http://schemas.microsoft.com/developer/msbuild/2003">
  <ItemGroup>
    <Filter Include="core">
      <UniqueIdentifier>{4E40957C-3A77-960D-E363-7C10CF79120F}</UniqueIdentifier>
    </Filter>
    <Filter Include="networking">
      <UniqueIdentifier>{8D85AFC8-793D-F115-E244-CA71CE1B8C06}</UniqueIdentifier>
    </Filter>
  </ItemGroup>
  <ItemGroup>
    <ClInclude Include="src\aero\core\buffer.h">
      <Filter>core</Filter>
    </ClInclude>
    <ClInclude Include="src\aero\networking\client.h">
      <Filter>networking</Filter>
    </ClInclude>
    <ClInclude Include="src\aero\networking\server.h">
      <Filter>networking</Filter>
    </ClInclude>
    <ClInclude Include="src\aero\networking\socket.h">
      <Filter>networking</Filter>
    </ClInclude>
  </ItemGroup>
  <ItemGroup>
    <ClCompile Include="src\aero\networking\server.cpp">
      <Filter>networking</Filter>
    </ClCompile>
  </ItemGroup>
</Project>